
Microsoft Visual Studio Solution File, Format Version 12.00
Project("{2150E333-8FDC-42A3-9474-1A3956D46DE8}") = "src", "src", "{4BDA1BBC-2F98-4DB0-81DA-C3C6D8D0BF60}"
EndProject
Project("{2150E333-8FDC-42A3-9474-1A3956D46DE8}") = "tests", "tests", "{C83CEBF9-04F0-47ED-B603-2F44B3BF278F}"
EndProject
Project("{2150E333-8FDC-42A3-9474-1A3956D46DE8}") = "common", "common", "{871C8705-24D6-456E-89FA-8F51C676B550}"
	ProjectSection(SolutionItems) = preProject
		Directory.Packages.props = Directory.Packages.props
		Directory.Build.props = Directory.Build.props
		.gitignore = .gitignore
	EndProjectSection
EndProject
Project("{2150E333-8FDC-42A3-9474-1A3956D46DE8}") = "lab-1", "lab-1", "{0DE9515F-3C74-443E-99A4-7BB640905204}"
EndProject
Project("{2150E333-8FDC-42A3-9474-1A3956D46DE8}") = "lab-1", "lab-1", "{99488C81-DE98-48EB-AC52-A5D3DD3A8092}"
EndProject
Project("{2150E333-8FDC-42A3-9474-1A3956D46DE8}") = "lab-2", "lab-2", "{32B94AB4-6B8A-47C8-95BE-B21604BFE6C4}"
	ProjectSection(SolutionItems) = preProject
		src\lab-2\docker-compose.yaml = src\lab-2\docker-compose.yaml
	EndProjectSection
EndProject
Project("{2150E333-8FDC-42A3-9474-1A3956D46DE8}") = "lab-3", "lab-3", "{FEB339FD-E3EA-43CA-BF27-90208DDA4CD1}"
EndProject
Project("{2150E333-8FDC-42A3-9474-1A3956D46DE8}") = "lab-4", "lab-4", "{7D572118-AEF1-42D4-A359-FA85886B8B5A}"
	ProjectSection(SolutionItems) = preProject
		src\lab-4\docker-compose.yaml = src\lab-4\docker-compose.yaml
	EndProjectSection
EndProject
Project("{2150E333-8FDC-42A3-9474-1A3956D46DE8}") = "lab-5", "lab-5", "{2FB2D737-260F-438E-BD82-BF66D2D3348C}"
EndProject
Project("{2150E333-8FDC-42A3-9474-1A3956D46DE8}") = "lab-2", "lab-2", "{8B8CBED8-2579-4794-BC32-367A2D35B89B}"
EndProject
Project("{2150E333-8FDC-42A3-9474-1A3956D46DE8}") = "lab-3", "lab-3", "{FC8A3CC4-2FAF-43C9-ACCB-70824CA18C9B}"
EndProject
Project("{2150E333-8FDC-42A3-9474-1A3956D46DE8}") = "lab-4", "lab-4", "{87D80FCF-EAFA-429B-92A4-FA53B7890D97}"
EndProject
Project("{2150E333-8FDC-42A3-9474-1A3956D46DE8}") = "lab-5", "lab-5", "{DC3E76C4-B2FB-4FBA-957A-C5BCA61C30A4}"
EndProject
Project("{FAE04EC0-301F-11D3-BF4B-00C04F79EFBC}") = "task-1", "src\lab-1\task-1\task-1.csproj", "{F32CF92F-54B1-4085-A6FE-A033A3BA9FA7}"
EndProject
Project("{FAE04EC0-301F-11D3-BF4B-00C04F79EFBC}") = "Tests", "tests\lab-1\Tests\Tests.csproj", "{E1198BE9-4D5C-433F-876E-8235AAEA1098}"
EndProject
Project("{FAE04EC0-301F-11D3-BF4B-00C04F79EFBC}") = "task-2", "src\lab-1\task-2\task-2.csproj", "{E60C8130-40E1-4E34-9682-F4B228016C31}"
EndProject
Project("{FAE04EC0-301F-11D3-BF4B-00C04F79EFBC}") = "task-3", "src\lab-1\task-3\task-3.csproj", "{6E63C5A3-893A-42CA-8F86-C4D11D460FFE}"
EndProject
Project("{FAE04EC0-301F-11D3-BF4B-00C04F79EFBC}") = "Task1", "src\lab-2\Task1\Task1.csproj", "{BE83D5BC-E07A-4B66-97CC-1742D8D82A1E}"
EndProject
Project("{FAE04EC0-301F-11D3-BF4B-00C04F79EFBC}") = "Task2", "src\lab-2\Task2\Task2.csproj", "{755EB499-DB18-41DB-A528-E7A5EBEAA25B}"
EndProject
Project("{FAE04EC0-301F-11D3-BF4B-00C04F79EFBC}") = "Tests", "tests\lab-2\Tests\Tests.csproj", "{94EF743F-1A68-473B-AC5B-A2570D9A6552}"
EndProject
Project("{FAE04EC0-301F-11D3-BF4B-00C04F79EFBC}") = "Task3", "src\lab-2\Task3\Task3.csproj", "{203B7110-2DA8-4337-AED0-C8CB1EF67E77}"
EndProject
Project("{FAE04EC0-301F-11D3-BF4B-00C04F79EFBC}") = "lab-3", "src\lab-3\lab-3\lab-3.csproj", "{26319C9F-F673-4A94-8A9E-0B62D7A4E139}"
EndProject
Project("{FAE04EC0-301F-11D3-BF4B-00C04F79EFBC}") = "GrpcService", "src\lab-4\GrpcService\GrpcService.csproj", "{562BC524-2EA9-45F4-9DF4-C861778AE087}"
EndProject
Project("{FAE04EC0-301F-11D3-BF4B-00C04F79EFBC}") = "protos", "src\lab-4\protos\protos.csproj", "{BBF08675-23D8-4044-A839-FA5B333D865D}"
EndProject
Project("{FAE04EC0-301F-11D3-BF4B-00C04F79EFBC}") = "Gateway", "src\lab-4\Gateway\Gateway.csproj", "{2B00D753-53BF-4B7B-91C2-72540FD10FB9}"
EndProject
Project("{FAE04EC0-301F-11D3-BF4B-00C04F79EFBC}") = "Mappers", "src\lab-4\Mappers\Mappers.csproj", "{8BFDD317-B54D-4D78-9C07-C7BBFC72A820}"
EndProject
Project("{FAE04EC0-301F-11D3-BF4B-00C04F79EFBC}") = "Services", "src\lab-4\Services\Services.csproj", "{2B738282-9548-4EAF-BF9D-E6CA433694AB}"
EndProject
Project("{FAE04EC0-301F-11D3-BF4B-00C04F79EFBC}") = "Repositories", "src\lab-4\Repositories\Repositories.csproj", "{DFDDF9E3-BE39-4EDE-9D9A-AB42ADF23F4A}"
EndProject
Project("{FAE04EC0-301F-11D3-BF4B-00C04F79EFBC}") = "Entities", "src\lab-4\Entities\Entities.csproj", "{7E0B11DF-EFBF-4566-ADAD-FE9BA3E32B7C}"
EndProject
Project("{FAE04EC0-301F-11D3-BF4B-00C04F79EFBC}") = "Migrations", "src\lab-4\Migrations\Migrations.csproj", "{A3F28609-B9D4-410D-9AE7-10A85D45B78B}"
EndProject
Project("{FAE04EC0-301F-11D3-BF4B-00C04F79EFBC}") = "OutersServiceUtility", "src\lab-4\OutersServiceUtility\OutersServiceUtility.csproj", "{3C58207D-279E-4B4C-B743-6535A5A314C3}"
EndProject
Project("{FAE04EC0-301F-11D3-BF4B-00C04F79EFBC}") = "KafkaPresentation", "src\lab-4\KafkaPresentation\KafkaPresentation.csproj", "{A60EF203-A4DA-49B5-8ED0-B393E1C5C028}"
EndProject
Project("{FAE04EC0-301F-11D3-BF4B-00C04F79EFBC}") = "KafkaIntegration", "src\lab-4\KafkaIntegration\KafkaIntegration.csproj", "{EBC655F7-5C79-4F83-B44F-D55867EB08D9}"
EndProject
Global
	GlobalSection(SolutionConfigurationPlatforms) = preSolution
		Debug|Any CPU = Debug|Any CPU
		Release|Any CPU = Release|Any CPU
	EndGlobalSection
	GlobalSection(NestedProjects) = preSolution
		{0DE9515F-3C74-443E-99A4-7BB640905204} = {4BDA1BBC-2F98-4DB0-81DA-C3C6D8D0BF60}
		{99488C81-DE98-48EB-AC52-A5D3DD3A8092} = {C83CEBF9-04F0-47ED-B603-2F44B3BF278F}
		{32B94AB4-6B8A-47C8-95BE-B21604BFE6C4} = {4BDA1BBC-2F98-4DB0-81DA-C3C6D8D0BF60}
		{FEB339FD-E3EA-43CA-BF27-90208DDA4CD1} = {4BDA1BBC-2F98-4DB0-81DA-C3C6D8D0BF60}
		{7D572118-AEF1-42D4-A359-FA85886B8B5A} = {4BDA1BBC-2F98-4DB0-81DA-C3C6D8D0BF60}
		{2FB2D737-260F-438E-BD82-BF66D2D3348C} = {4BDA1BBC-2F98-4DB0-81DA-C3C6D8D0BF60}
		{8B8CBED8-2579-4794-BC32-367A2D35B89B} = {C83CEBF9-04F0-47ED-B603-2F44B3BF278F}
		{FC8A3CC4-2FAF-43C9-ACCB-70824CA18C9B} = {C83CEBF9-04F0-47ED-B603-2F44B3BF278F}
		{87D80FCF-EAFA-429B-92A4-FA53B7890D97} = {C83CEBF9-04F0-47ED-B603-2F44B3BF278F}
		{DC3E76C4-B2FB-4FBA-957A-C5BCA61C30A4} = {C83CEBF9-04F0-47ED-B603-2F44B3BF278F}
		{F32CF92F-54B1-4085-A6FE-A033A3BA9FA7} = {0DE9515F-3C74-443E-99A4-7BB640905204}
		{E1198BE9-4D5C-433F-876E-8235AAEA1098} = {99488C81-DE98-48EB-AC52-A5D3DD3A8092}
		{E60C8130-40E1-4E34-9682-F4B228016C31} = {0DE9515F-3C74-443E-99A4-7BB640905204}
		{6E63C5A3-893A-42CA-8F86-C4D11D460FFE} = {0DE9515F-3C74-443E-99A4-7BB640905204}
		{BE83D5BC-E07A-4B66-97CC-1742D8D82A1E} = {32B94AB4-6B8A-47C8-95BE-B21604BFE6C4}
		{755EB499-DB18-41DB-A528-E7A5EBEAA25B} = {32B94AB4-6B8A-47C8-95BE-B21604BFE6C4}
		{94EF743F-1A68-473B-AC5B-A2570D9A6552} = {8B8CBED8-2579-4794-BC32-367A2D35B89B}
		{203B7110-2DA8-4337-AED0-C8CB1EF67E77} = {32B94AB4-6B8A-47C8-95BE-B21604BFE6C4}
		{26319C9F-F673-4A94-8A9E-0B62D7A4E139} = {FEB339FD-E3EA-43CA-BF27-90208DDA4CD1}
		{562BC524-2EA9-45F4-9DF4-C861778AE087} = {7D572118-AEF1-42D4-A359-FA85886B8B5A}
		{BBF08675-23D8-4044-A839-FA5B333D865D} = {7D572118-AEF1-42D4-A359-FA85886B8B5A}
		{2B00D753-53BF-4B7B-91C2-72540FD10FB9} = {7D572118-AEF1-42D4-A359-FA85886B8B5A}
		{8BFDD317-B54D-4D78-9C07-C7BBFC72A820} = {7D572118-AEF1-42D4-A359-FA85886B8B5A}
		{2B738282-9548-4EAF-BF9D-E6CA433694AB} = {7D572118-AEF1-42D4-A359-FA85886B8B5A}
		{DFDDF9E3-BE39-4EDE-9D9A-AB42ADF23F4A} = {7D572118-AEF1-42D4-A359-FA85886B8B5A}
		{7E0B11DF-EFBF-4566-ADAD-FE9BA3E32B7C} = {7D572118-AEF1-42D4-A359-FA85886B8B5A}
		{A3F28609-B9D4-410D-9AE7-10A85D45B78B} = {7D572118-AEF1-42D4-A359-FA85886B8B5A}
		{3C58207D-279E-4B4C-B743-6535A5A314C3} = {7D572118-AEF1-42D4-A359-FA85886B8B5A}
		{A60EF203-A4DA-49B5-8ED0-B393E1C5C028} = {7D572118-AEF1-42D4-A359-FA85886B8B5A}
		{EBC655F7-5C79-4F83-B44F-D55867EB08D9} = {7D572118-AEF1-42D4-A359-FA85886B8B5A}
	EndGlobalSection
	GlobalSection(ProjectConfigurationPlatforms) = postSolution
		{F32CF92F-54B1-4085-A6FE-A033A3BA9FA7}.Debug|Any CPU.ActiveCfg = Debug|Any CPU
		{F32CF92F-54B1-4085-A6FE-A033A3BA9FA7}.Debug|Any CPU.Build.0 = Debug|Any CPU
		{F32CF92F-54B1-4085-A6FE-A033A3BA9FA7}.Release|Any CPU.ActiveCfg = Release|Any CPU
		{F32CF92F-54B1-4085-A6FE-A033A3BA9FA7}.Release|Any CPU.Build.0 = Release|Any CPU
		{E1198BE9-4D5C-433F-876E-8235AAEA1098}.Debug|Any CPU.ActiveCfg = Debug|Any CPU
		{E1198BE9-4D5C-433F-876E-8235AAEA1098}.Debug|Any CPU.Build.0 = Debug|Any CPU
		{E1198BE9-4D5C-433F-876E-8235AAEA1098}.Release|Any CPU.ActiveCfg = Release|Any CPU
		{E1198BE9-4D5C-433F-876E-8235AAEA1098}.Release|Any CPU.Build.0 = Release|Any CPU
		{E60C8130-40E1-4E34-9682-F4B228016C31}.Debug|Any CPU.ActiveCfg = Debug|Any CPU
		{E60C8130-40E1-4E34-9682-F4B228016C31}.Debug|Any CPU.Build.0 = Debug|Any CPU
		{E60C8130-40E1-4E34-9682-F4B228016C31}.Release|Any CPU.ActiveCfg = Release|Any CPU
		{E60C8130-40E1-4E34-9682-F4B228016C31}.Release|Any CPU.Build.0 = Release|Any CPU
		{6E63C5A3-893A-42CA-8F86-C4D11D460FFE}.Debug|Any CPU.ActiveCfg = Debug|Any CPU
		{6E63C5A3-893A-42CA-8F86-C4D11D460FFE}.Debug|Any CPU.Build.0 = Debug|Any CPU
		{6E63C5A3-893A-42CA-8F86-C4D11D460FFE}.Release|Any CPU.ActiveCfg = Release|Any CPU
		{6E63C5A3-893A-42CA-8F86-C4D11D460FFE}.Release|Any CPU.Build.0 = Release|Any CPU
		{BE83D5BC-E07A-4B66-97CC-1742D8D82A1E}.Debug|Any CPU.ActiveCfg = Debug|Any CPU
		{BE83D5BC-E07A-4B66-97CC-1742D8D82A1E}.Debug|Any CPU.Build.0 = Debug|Any CPU
		{BE83D5BC-E07A-4B66-97CC-1742D8D82A1E}.Release|Any CPU.ActiveCfg = Release|Any CPU
		{BE83D5BC-E07A-4B66-97CC-1742D8D82A1E}.Release|Any CPU.Build.0 = Release|Any CPU
		{755EB499-DB18-41DB-A528-E7A5EBEAA25B}.Debug|Any CPU.ActiveCfg = Debug|Any CPU
		{755EB499-DB18-41DB-A528-E7A5EBEAA25B}.Debug|Any CPU.Build.0 = Debug|Any CPU
		{755EB499-DB18-41DB-A528-E7A5EBEAA25B}.Release|Any CPU.ActiveCfg = Release|Any CPU
		{755EB499-DB18-41DB-A528-E7A5EBEAA25B}.Release|Any CPU.Build.0 = Release|Any CPU
		{94EF743F-1A68-473B-AC5B-A2570D9A6552}.Debug|Any CPU.ActiveCfg = Debug|Any CPU
		{94EF743F-1A68-473B-AC5B-A2570D9A6552}.Debug|Any CPU.Build.0 = Debug|Any CPU
		{94EF743F-1A68-473B-AC5B-A2570D9A6552}.Release|Any CPU.ActiveCfg = Release|Any CPU
		{94EF743F-1A68-473B-AC5B-A2570D9A6552}.Release|Any CPU.Build.0 = Release|Any CPU
		{203B7110-2DA8-4337-AED0-C8CB1EF67E77}.Debug|Any CPU.ActiveCfg = Debug|Any CPU
		{203B7110-2DA8-4337-AED0-C8CB1EF67E77}.Debug|Any CPU.Build.0 = Debug|Any CPU
		{203B7110-2DA8-4337-AED0-C8CB1EF67E77}.Release|Any CPU.ActiveCfg = Release|Any CPU
		{203B7110-2DA8-4337-AED0-C8CB1EF67E77}.Release|Any CPU.Build.0 = Release|Any CPU
		{26319C9F-F673-4A94-8A9E-0B62D7A4E139}.Debug|Any CPU.ActiveCfg = Debug|Any CPU
		{26319C9F-F673-4A94-8A9E-0B62D7A4E139}.Debug|Any CPU.Build.0 = Debug|Any CPU
		{26319C9F-F673-4A94-8A9E-0B62D7A4E139}.Release|Any CPU.ActiveCfg = Release|Any CPU
		{26319C9F-F673-4A94-8A9E-0B62D7A4E139}.Release|Any CPU.Build.0 = Release|Any CPU
		{562BC524-2EA9-45F4-9DF4-C861778AE087}.Debug|Any CPU.ActiveCfg = Debug|Any CPU
		{562BC524-2EA9-45F4-9DF4-C861778AE087}.Debug|Any CPU.Build.0 = Debug|Any CPU
		{562BC524-2EA9-45F4-9DF4-C861778AE087}.Release|Any CPU.ActiveCfg = Release|Any CPU
		{562BC524-2EA9-45F4-9DF4-C861778AE087}.Release|Any CPU.Build.0 = Release|Any CPU
		{BBF08675-23D8-4044-A839-FA5B333D865D}.Debug|Any CPU.ActiveCfg = Debug|Any CPU
		{BBF08675-23D8-4044-A839-FA5B333D865D}.Debug|Any CPU.Build.0 = Debug|Any CPU
		{BBF08675-23D8-4044-A839-FA5B333D865D}.Release|Any CPU.ActiveCfg = Release|Any CPU
		{BBF08675-23D8-4044-A839-FA5B333D865D}.Release|Any CPU.Build.0 = Release|Any CPU
		{2B00D753-53BF-4B7B-91C2-72540FD10FB9}.Debug|Any CPU.ActiveCfg = Debug|Any CPU
		{2B00D753-53BF-4B7B-91C2-72540FD10FB9}.Debug|Any CPU.Build.0 = Debug|Any CPU
		{2B00D753-53BF-4B7B-91C2-72540FD10FB9}.Release|Any CPU.ActiveCfg = Release|Any CPU
		{2B00D753-53BF-4B7B-91C2-72540FD10FB9}.Release|Any CPU.Build.0 = Release|Any CPU
		{8BFDD317-B54D-4D78-9C07-C7BBFC72A820}.Debug|Any CPU.ActiveCfg = Debug|Any CPU
		{8BFDD317-B54D-4D78-9C07-C7BBFC72A820}.Debug|Any CPU.Build.0 = Debug|Any CPU
		{8BFDD317-B54D-4D78-9C07-C7BBFC72A820}.Release|Any CPU.ActiveCfg = Release|Any CPU
		{8BFDD317-B54D-4D78-9C07-C7BBFC72A820}.Release|Any CPU.Build.0 = Release|Any CPU
		{2B738282-9548-4EAF-BF9D-E6CA433694AB}.Debug|Any CPU.ActiveCfg = Debug|Any CPU
		{2B738282-9548-4EAF-BF9D-E6CA433694AB}.Debug|Any CPU.Build.0 = Debug|Any CPU
		{2B738282-9548-4EAF-BF9D-E6CA433694AB}.Release|Any CPU.ActiveCfg = Release|Any CPU
		{2B738282-9548-4EAF-BF9D-E6CA433694AB}.Release|Any CPU.Build.0 = Release|Any CPU
		{DFDDF9E3-BE39-4EDE-9D9A-AB42ADF23F4A}.Debug|Any CPU.ActiveCfg = Debug|Any CPU
		{DFDDF9E3-BE39-4EDE-9D9A-AB42ADF23F4A}.Debug|Any CPU.Build.0 = Debug|Any CPU
		{DFDDF9E3-BE39-4EDE-9D9A-AB42ADF23F4A}.Release|Any CPU.ActiveCfg = Release|Any CPU
		{DFDDF9E3-BE39-4EDE-9D9A-AB42ADF23F4A}.Release|Any CPU.Build.0 = Release|Any CPU
		{7E0B11DF-EFBF-4566-ADAD-FE9BA3E32B7C}.Debug|Any CPU.ActiveCfg = Debug|Any CPU
		{7E0B11DF-EFBF-4566-ADAD-FE9BA3E32B7C}.Debug|Any CPU.Build.0 = Debug|Any CPU
		{7E0B11DF-EFBF-4566-ADAD-FE9BA3E32B7C}.Release|Any CPU.ActiveCfg = Release|Any CPU
		{7E0B11DF-EFBF-4566-ADAD-FE9BA3E32B7C}.Release|Any CPU.Build.0 = Release|Any CPU
		{A3F28609-B9D4-410D-9AE7-10A85D45B78B}.Debug|Any CPU.ActiveCfg = Debug|Any CPU
		{A3F28609-B9D4-410D-9AE7-10A85D45B78B}.Debug|Any CPU.Build.0 = Debug|Any CPU
		{A3F28609-B9D4-410D-9AE7-10A85D45B78B}.Release|Any CPU.ActiveCfg = Release|Any CPU
		{A3F28609-B9D4-410D-9AE7-10A85D45B78B}.Release|Any CPU.Build.0 = Release|Any CPU
		{3C58207D-279E-4B4C-B743-6535A5A314C3}.Debug|Any CPU.ActiveCfg = Debug|Any CPU
		{3C58207D-279E-4B4C-B743-6535A5A314C3}.Debug|Any CPU.Build.0 = Debug|Any CPU
		{3C58207D-279E-4B4C-B743-6535A5A314C3}.Release|Any CPU.ActiveCfg = Release|Any CPU
		{3C58207D-279E-4B4C-B743-6535A5A314C3}.Release|Any CPU.Build.0 = Release|Any CPU
		{A60EF203-A4DA-49B5-8ED0-B393E1C5C028}.Debug|Any CPU.ActiveCfg = Debug|Any CPU
		{A60EF203-A4DA-49B5-8ED0-B393E1C5C028}.Debug|Any CPU.Build.0 = Debug|Any CPU
		{A60EF203-A4DA-49B5-8ED0-B393E1C5C028}.Release|Any CPU.ActiveCfg = Release|Any CPU
		{A60EF203-A4DA-49B5-8ED0-B393E1C5C028}.Release|Any CPU.Build.0 = Release|Any CPU
		{EBC655F7-5C79-4F83-B44F-D55867EB08D9}.Debug|Any CPU.ActiveCfg = Debug|Any CPU
		{EBC655F7-5C79-4F83-B44F-D55867EB08D9}.Debug|Any CPU.Build.0 = Debug|Any CPU
		{EBC655F7-5C79-4F83-B44F-D55867EB08D9}.Release|Any CPU.ActiveCfg = Release|Any CPU
		{EBC655F7-5C79-4F83-B44F-D55867EB08D9}.Release|Any CPU.Build.0 = Release|Any CPU
	EndGlobalSection
EndGlobal
